
Microsoft Visual Studio Solution File, Format Version 12.00
# Visual Studio Version 16
VisualStudioVersion = 16.0.30621.155
MinimumVisualStudioVersion = 10.0.40219.1
Project("{FAE04EC0-301F-11D3-BF4B-00C04F79EFBC}") = "FS17_6_6_Practice", "FS17_6_6_Practice.csproj", "{748B87C0-06B9-4F72-984A-6AC19E4293A3}"
EndProject
Global
	GlobalSection(SolutionConfigurationPlatforms) = preSolution
		Debug|Any CPU = Debug|Any CPU
		Release|Any CPU = Release|Any CPU
	EndGlobalSection
	GlobalSection(ProjectConfigurationPlatforms) = postSolution
		{748B87C0-06B9-4F72-984A-6AC19E4293A3}.Debug|Any CPU.ActiveCfg = Debug|Any CPU
		{748B87C0-06B9-4F72-984A-6AC19E4293A3}.Debug|Any CPU.Build.0 = Debug|Any CPU
		{748B87C0-06B9-4F72-984A-6AC19E4293A3}.Release|Any CPU.ActiveCfg = Release|Any CPU
		{748B87C0-06B9-4F72-984A-6AC19E4293A3}.Release|Any CPU.Build.0 = Release|Any CPU
	EndGlobalSection
	GlobalSection(SolutionProperties) = preSolution
		HideSolutionNode = FALSE
	EndGlobalSection
	GlobalSection(ExtensibilityGlobals) = postSolution
		SolutionGuid = {07CAAE7A-52C6-4D94-89B6-6A5D3494C9DA}
	EndGlobalSection
EndGlobal
